
Microsoft Visual Studio Solution File, Format Version 12.00
# Visual Studio Version 16
VisualStudioVersion = 16.0.29009.5
MinimumVisualStudioVersion = 10.0.40219.1
Project("{9A19103F-16F7-4668-BE54-9A1E7A4F7556}") = "PolymorphismApplication", "Polymorphism\PolymorphismApplication.csproj", "{77C17783-4EEE-4847-8827-9AEA39BD27C1}"
EndProject
Project("{9A19103F-16F7-4668-BE54-9A1E7A4F7556}") = "TemplateMethod", "TemplateMethod\TemplateMethod.csproj", "{0A0E7F9F-0B34-48CF-A7ED-976F87448C6D}"
EndProject
Project("{9A19103F-16F7-4668-BE54-9A1E7A4F7556}") = "Strategy", "Strategy\Strategy.csproj", "{9F70972F-BB06-483C-9765-B47A1D686ED9}"
EndProject
Project("{9A19103F-16F7-4668-BE54-9A1E7A4F7556}") = "Observer", "Observer\Observer.csproj", "{C16AC641-03E4-486B-823C-78C28A7ACE92}"
EndProject
Project("{FAE04EC0-301F-11D3-BF4B-00C04F79EFBC}") = "Decorator", "Decorator\Decorator.csproj", "{642DE3AF-7CA5-4D66-BBE3-50CDF8934EE6}"
EndProject
Global
	GlobalSection(SolutionConfigurationPlatforms) = preSolution
		Debug|Any CPU = Debug|Any CPU
		Release|Any CPU = Release|Any CPU
	EndGlobalSection
	GlobalSection(ProjectConfigurationPlatforms) = postSolution
		{77C17783-4EEE-4847-8827-9AEA39BD27C1}.Debug|Any CPU.ActiveCfg = Debug|Any CPU
		{77C17783-4EEE-4847-8827-9AEA39BD27C1}.Debug|Any CPU.Build.0 = Debug|Any CPU
		{77C17783-4EEE-4847-8827-9AEA39BD27C1}.Release|Any CPU.ActiveCfg = Release|Any CPU
		{77C17783-4EEE-4847-8827-9AEA39BD27C1}.Release|Any CPU.Build.0 = Release|Any CPU
		{0A0E7F9F-0B34-48CF-A7ED-976F87448C6D}.Debug|Any CPU.ActiveCfg = Debug|Any CPU
		{0A0E7F9F-0B34-48CF-A7ED-976F87448C6D}.Debug|Any CPU.Build.0 = Debug|Any CPU
		{0A0E7F9F-0B34-48CF-A7ED-976F87448C6D}.Release|Any CPU.ActiveCfg = Release|Any CPU
		{0A0E7F9F-0B34-48CF-A7ED-976F87448C6D}.Release|Any CPU.Build.0 = Release|Any CPU
		{9F70972F-BB06-483C-9765-B47A1D686ED9}.Debug|Any CPU.ActiveCfg = Debug|Any CPU
		{9F70972F-BB06-483C-9765-B47A1D686ED9}.Debug|Any CPU.Build.0 = Debug|Any CPU
		{9F70972F-BB06-483C-9765-B47A1D686ED9}.Release|Any CPU.ActiveCfg = Release|Any CPU
		{9F70972F-BB06-483C-9765-B47A1D686ED9}.Release|Any CPU.Build.0 = Release|Any CPU
		{C16AC641-03E4-486B-823C-78C28A7ACE92}.Debug|Any CPU.ActiveCfg = Debug|Any CPU
		{C16AC641-03E4-486B-823C-78C28A7ACE92}.Debug|Any CPU.Build.0 = Debug|Any CPU
		{C16AC641-03E4-486B-823C-78C28A7ACE92}.Release|Any CPU.ActiveCfg = Release|Any CPU
		{C16AC641-03E4-486B-823C-78C28A7ACE92}.Release|Any CPU.Build.0 = Release|Any CPU
		{642DE3AF-7CA5-4D66-BBE3-50CDF8934EE6}.Debug|Any CPU.ActiveCfg = Debug|Any CPU
		{642DE3AF-7CA5-4D66-BBE3-50CDF8934EE6}.Debug|Any CPU.Build.0 = Debug|Any CPU
		{642DE3AF-7CA5-4D66-BBE3-50CDF8934EE6}.Release|Any CPU.ActiveCfg = Release|Any CPU
		{642DE3AF-7CA5-4D66-BBE3-50CDF8934EE6}.Release|Any CPU.Build.0 = Release|Any CPU
	EndGlobalSection
	GlobalSection(SolutionProperties) = preSolution
		HideSolutionNode = FALSE
	EndGlobalSection
	GlobalSection(ExtensibilityGlobals) = postSolution
		SolutionGuid = {0F3F13C3-ADAB-4ABC-9272-EEBDCA94CACB}
	EndGlobalSection
EndGlobal
